
Microsoft Visual Studio Solution File, Format Version 12.00
# Visual Studio 14
VisualStudioVersion = 14.0.25420.1
MinimumVisualStudioVersion = 10.0.40219.1
Project("{8BB2217D-0F2D-49D1-97BC-3654ED321F3B}") = "EulerianGraphSolver", "EulerianGraphSolver\EulerianGraphSolver.xproj", "{6815B3C0-3EA9-427D-A8BF-EE4571F66873}"
EndProject
Global
	GlobalSection(SolutionConfigurationPlatforms) = preSolution
		Debug|Any CPU = Debug|Any CPU
		Release|Any CPU = Release|Any CPU
	EndGlobalSection
	GlobalSection(ProjectConfigurationPlatforms) = postSolution
		{6815B3C0-3EA9-427D-A8BF-EE4571F66873}.Debug|Any CPU.ActiveCfg = Debug|Any CPU
		{6815B3C0-3EA9-427D-A8BF-EE4571F66873}.Debug|Any CPU.Build.0 = Debug|Any CPU
		{6815B3C0-3EA9-427D-A8BF-EE4571F66873}.Release|Any CPU.ActiveCfg = Release|Any CPU
		{6815B3C0-3EA9-427D-A8BF-EE4571F66873}.Release|Any CPU.Build.0 = Release|Any CPU
	EndGlobalSection
	GlobalSection(SolutionProperties) = preSolution
		HideSolutionNode = FALSE
	EndGlobalSection
	GlobalSection(NestedProjects) = preSolution
		{6815B3C0-3EA9-427D-A8BF-EE4571F66873} = {52168A56-E8ED-4C5A-AAF4-F23C0EF9FC79}
	EndGlobalSection
EndGlobal
